
Microsoft Visual Studio Solution File, Format Version 12.00
# Visual Studio Version 16
VisualStudioVersion = 16.0.32228.343
MinimumVisualStudioVersion = 10.0.40219.1
Project("{FAE04EC0-301F-11D3-BF4B-00C04F79EFBC}") = "QuizzApp_Api", "QuizzApp_Api\QuizzApp_Api.csproj", "{A0983FF8-F61B-40E9-8F70-E647111262EA}"
EndProject
Global
	GlobalSection(SolutionConfigurationPlatforms) = preSolution
		Debug|Any CPU = Debug|Any CPU
		Release|Any CPU = Release|Any CPU
	EndGlobalSection
	GlobalSection(ProjectConfigurationPlatforms) = postSolution
		{A0983FF8-F61B-40E9-8F70-E647111262EA}.Debug|Any CPU.ActiveCfg = Debug|Any CPU
		{A0983FF8-F61B-40E9-8F70-E647111262EA}.Debug|Any CPU.Build.0 = Debug|Any CPU
		{A0983FF8-F61B-40E9-8F70-E647111262EA}.Release|Any CPU.ActiveCfg = Release|Any CPU
		{A0983FF8-F61B-40E9-8F70-E647111262EA}.Release|Any CPU.Build.0 = Release|Any CPU
	EndGlobalSection
	GlobalSection(SolutionProperties) = preSolution
		HideSolutionNode = FALSE
	EndGlobalSection
	GlobalSection(ExtensibilityGlobals) = postSolution
		SolutionGuid = {D18C5050-7F69-41F0-B280-EA3CC5667CDA}
	EndGlobalSection
EndGlobal
